
Microsoft Visual Studio Solution File, Format Version 12.00
# Visual Studio Version 17
VisualStudioVersion = 17.6.33815.320
MinimumVisualStudioVersion = 10.0.40219.1
Project("{FAE04EC0-301F-11D3-BF4B-00C04F79EFBC}") = "AgentManager", "AgentManager\AgentManager.csproj", "{A6DB30D1-A8C6-4A97-840B-760248DC3069}"
EndProject
Global
	GlobalSection(SolutionConfigurationPlatforms) = preSolution
		Debug|Any CPU = Debug|Any CPU
		Release|Any CPU = Release|Any CPU
	EndGlobalSection
	GlobalSection(ProjectConfigurationPlatforms) = postSolution
		{A6DB30D1-A8C6-4A97-840B-760248DC3069}.Debug|Any CPU.ActiveCfg = Debug|Any CPU
		{A6DB30D1-A8C6-4A97-840B-760248DC3069}.Debug|Any CPU.Build.0 = Debug|Any CPU
		{A6DB30D1-A8C6-4A97-840B-760248DC3069}.Release|Any CPU.ActiveCfg = Release|Any CPU
		{A6DB30D1-A8C6-4A97-840B-760248DC3069}.Release|Any CPU.Build.0 = Release|Any CPU
	EndGlobalSection
	GlobalSection(SolutionProperties) = preSolution
		HideSolutionNode = FALSE
	EndGlobalSection
	GlobalSection(ExtensibilityGlobals) = postSolution
		SolutionGuid = {FDFE895A-28EB-4AE6-9675-558B02D92881}
	EndGlobalSection
EndGlobal
